{
  "requires": true,
  "lockfileVersion": 1,
  "dependencies": {
    "bootstrap-v4-rtl": {
      "version": "4.6.0-3",
      "resolved": "https://registry.npmjs.org/bootstrap-v4-rtl/-/bootstrap-v4-rtl-4.6.0-3.tgz",
      "integrity": "sha512-QXcJnH0Iy801VDn1SZqQwzfTznXLW46suPC/0GtKlz6eqR0kjIKPcJndz+/sEPB/8KkXYVo7RJ19j3lw4wHgpA=="
    }
  }
}
